// !$*UTF8*$!
{
	archiveVersion = 1;
	classes = {
	};
	objectVersion = 50;
	objects = {

/* Begin PBXBuildFile section */
		3FF9F2F1211BD73200441BCB /* AppDelegate.m in Sources */ = {isa = PBXBuildFile; fileRef = 3FF9F2F0211BD73200441BCB /* AppDelegate.m */; };
		3FF9F2F4211BD73200441BCB /* ViewController.m in Sources */ = {isa = PBXBuildFile; fileRef = 3FF9F2F3211BD73200441BCB /* ViewController.m */; };
		3FF9F2F7211BD73200441BCB /* Main.storyboard in Resources */ = {isa = PBXBuildFile; fileRef = 3FF9F2F5211BD73200441BCB /* Main.storyboard */; };
		3FF9F2FA211BD73200441BCB /* PageViewTestCode.xcdatamodeld in Sources */ = {isa = PBXBuildFile; fileRef = 3FF9F2F8211BD73200441BCB /* PageViewTestCode.xcdatamodeld */; };
		3FF9F2FC211BD73400441BCB /* Assets.xcassets in Resources */ = {isa = PBXBuildFile; fileRef = 3FF9F2FB211BD73400441BCB /* Assets.xcassets */; };
		3FF9F2FF211BD73400441BCB /* LaunchScreen.storyboard in Resources */ = {isa = PBXBuildFile; fileRef = 3FF9F2FD211BD73400441BCB /* LaunchScreen.storyboard */; };
		3FF9F302211BD73400441BCB /* main.m in Sources */ = {isa = PBXBuildFile; fileRef = 3FF9F301211BD73400441BCB /* main.m */; };
		3FF9F30C211BD73400441BCB /* PageViewTestCodeTests.m in Sources */ = {isa = PBXBuildFile; fileRef = 3FF9F30B211BD73400441BCB /* PageViewTestCodeTests.m */; };
		3FF9F317211BD73400441BCB /* PageViewTestCodeUITests.m in Sources */ = {isa = PBXBuildFile; fileRef = 3FF9F316211BD73400441BCB /* PageViewTestCodeUITests.m */; };
		3FF9F38C211BD7FD00441BCB /* TestViewController.m in Sources */ = {isa = PBXBuildFile; fileRef = 3FF9F38A211BD7FD00441BCB /* TestViewController.m */; };
		3FF9F38D211BD7FD00441BCB /* TestViewController.xib in Resources */ = {isa = PBXBuildFile; fileRef = 3FF9F38B211BD7FD00441BCB /* TestViewController.xib */; };
		3FF9F3F5211BD84400441BCB /* CAPSPageMenu.m in Sources */ = {isa = PBXBuildFile; fileRef = 3FF9F3F4211BD84400441BCB /* CAPSPageMenu.m */; };
/* End PBXBuildFile section */

/* Begin PBXContainerItemProxy section */
		3FF9F308211BD73400441BCB /* PBXContainerItemProxy */ = {
			isa = PBXContainerItemProxy;
			containerPortal = 3FF9F2E4211BD73200441BCB /* Project object */;
			proxyType = 1;
			remoteGlobalIDString = 3FF9F2EB211BD73200441BCB;
			remoteInfo = PageViewTestCode;
		};
		3FF9F313211BD73400441BCB /* PBXContainerItemProxy */ = {
			isa = PBXContainerItemProxy;
			containerPortal = 3FF9F2E4211BD73200441BCB /* Project object */;
			proxyType = 1;
			remoteGlobalIDString = 3FF9F2EB211BD73200441BCB;
			remoteInfo = PageViewTestCode;
		};
/* End PBXContainerItemProxy section */

/* Begin PBXFileReference section */
		3FF9F2EC211BD73200441BCB /* PageViewTestCode.app */ = {isa = PBXFileReference; explicitFileType = wrapper.application; includeInIndex = 0; path = PageViewTestCode.app; sourceTree = BUILT_PRODUCTS_DIR; };
		3FF9F2EF211BD73200441BCB /* AppDelegate.h */ = {isa = PBXFileReference; lastKnownFileType = sourcecode.c.h; path = AppDelegate.h; sourceTree = "<group>"; };
		3FF9F2F0211BD73200441BCB /* AppDelegate.m */ = {isa = PBXFileReference; lastKnownFileType = sourcecode.c.objc; path = AppDelegate.m; sourceTree = "<group>"; };
		3FF9F2F2211BD73200441BCB /* ViewController.h */ = {isa = PBXFileReference; lastKnownFileType = sourcecode.c.h; path = ViewController.h; sourceTree = "<group>"; };
		3FF9F2F3211BD73200441BCB /* ViewController.m */ = {isa = PBXFileReference; lastKnownFileType = sourcecode.c.objc; path = ViewController.m; sourceTree = "<group>"; };
		3FF9F2F6211BD73200441BCB /* Base */ = {isa = PBXFileReference; lastKnownFileType = file.storyboard; name = Base; path = Base.lproj/Main.storyboard; sourceTree = "<group>"; };
		3FF9F2F9211BD73200441BCB /* PageViewTestCode.xcdatamodel */ = {isa = PBXFileReference; lastKnownFileType = wrapper.xcdatamodel; path = PageViewTestCode.xcdatamodel; sourceTree = "<group>"; };
		3FF9F2FB211BD73400441BCB /* Assets.xcassets */ = {isa = PBXFileReference; lastKnownFileType = folder.assetcatalog; path = Assets.xcassets; sourceTree = "<group>"; };
		3FF9F2FE211BD73400441BCB /* Base */ = {isa = PBXFileReference; lastKnownFileType = file.storyboard; name = Base; path = Base.lproj/LaunchScreen.storyboard; sourceTree = "<group>"; };
		3FF9F300211BD73400441BCB /* Info.plist */ = {isa = PBXFileReference; lastKnownFileType = text.plist.xml; path = Info.plist; sourceTree = "<group>"; };
		3FF9F301211BD73400441BCB /* main.m */ = {isa = PBXFileReference; lastKnownFileType = sourcecode.c.objc; path = main.m; sourceTree = "<group>"; };
		3FF9F307211BD73400441BCB /* PageViewTestCodeTests.xctest */ = {isa = PBXFileReference; explicitFileType = wrapper.cfbundle; includeInIndex = 0; path = PageViewTestCodeTests.xctest; sourceTree = BUILT_PRODUCTS_DIR; };
		3FF9F30B211BD73400441BCB /* PageViewTestCodeTests.m */ = {isa = PBXFileReference; lastKnownFileType = sourcecode.c.objc; path = PageViewTestCodeTests.m; sourceTree = "<group>"; };
		3FF9F30D211BD73400441BCB /* Info.plist */ = {isa = PBXFileReference; lastKnownFileType = text.plist.xml; path = Info.plist; sourceTree = "<group>"; };
		3FF9F312211BD73400441BCB /* PageViewTestCodeUITests.xctest */ = {isa = PBXFileReference; explicitFileType = wrapper.cfbundle; includeInIndex = 0; path = PageViewTestCodeUITests.xctest; sourceTree = BUILT_PRODUCTS_DIR; };
		3FF9F316211BD73400441BCB /* PageViewTestCodeUITests.m */ = {isa = PBXFileReference; lastKnownFileType = sourcecode.c.objc; path = PageViewTestCodeUITests.m; sourceTree = "<group>"; };
		3FF9F318211BD73400441BCB /* Info.plist */ = {isa = PBXFileReference; lastKnownFileType = text.plist.xml; path = Info.plist; sourceTree = "<group>"; };
		3FF9F389211BD7FD00441BCB /* TestViewController.h */ = {isa = PBXFileReference; lastKnownFileType = sourcecode.c.h; path = TestViewController.h; sourceTree = "<group>"; };
		3FF9F38A211BD7FD00441BCB /* TestViewController.m */ = {isa = PBXFileReference; lastKnownFileType = sourcecode.c.objc; path = TestViewController.m; sourceTree = "<group>"; };
		3FF9F38B211BD7FD00441BCB /* TestViewController.xib */ = {isa = PBXFileReference; lastKnownFileType = file.xib; path = TestViewController.xib; sourceTree = "<group>"; };
		3FF9F3F3211BD84400441BCB /* CAPSPageMenu.h */ = {isa = PBXFileReference; fileEncoding = 4; lastKnownFileType = sourcecode.c.h; path = CAPSPageMenu.h; sourceTree = "<group>"; };
		3FF9F3F4211BD84400441BCB /* CAPSPageMenu.m */ = {isa = PBXFileReference; fileEncoding = 4; lastKnownFileType = sourcecode.c.objc; path = CAPSPageMenu.m; sourceTree = "<group>"; };
/* End PBXFileReference section */

/* Begin PBXFrameworksBuildPhase section */
		3FF9F2E9211BD73200441BCB /* Frameworks */ = {
			isa = PBXFrameworksBuildPhase;
			buildActionMask = 2147483647;
			files = (
			);
			runOnlyForDeploymentPostprocessing = 0;
		};
		3FF9F304211BD73400441BCB /* Frameworks */ = {
			isa = PBXFrameworksBuildPhase;
			buildActionMask = 2147483647;
			files = (
			);
			runOnlyForDeploymentPostprocessing = 0;
		};
		3FF9F30F211BD73400441BCB /* Frameworks */ = {
			isa = PBXFrameworksBuildPhase;
			buildActionMask = 2147483647;
			files = (
			);
			runOnlyForDeploymentPostprocessing = 0;
		};
/* End PBXFrameworksBuildPhase section */

/* Begin PBXGroup section */
		3FF9F2E3211BD73200441BCB = {
			isa = PBXGroup;
			children = (
				3FF9F2EE211BD73200441BCB /* PageViewTestCode */,
				3FF9F30A211BD73400441BCB /* PageViewTestCodeTests */,
				3FF9F315211BD73400441BCB /* PageViewTestCodeUITests */,
				3FF9F2ED211BD73200441BCB /* Products */,
			);
			sourceTree = "<group>";
		};
		3FF9F2ED211BD73200441BCB /* Products */ = {
			isa = PBXGroup;
			children = (
				3FF9F2EC211BD73200441BCB /* PageViewTestCode.app */,
				3FF9F307211BD73400441BCB /* PageViewTestCodeTests.xctest */,
				3FF9F312211BD73400441BCB /* PageViewTestCodeUITests.xctest */,
			);
			name = Products;
			sourceTree = "<group>";
		};
		3FF9F2EE211BD73200441BCB /* PageViewTestCode */ = {
			isa = PBXGroup;
			children = (
				3FF9F2EF211BD73200441BCB /* AppDelegate.h */,
				3FF9F2F0211BD73200441BCB /* AppDelegate.m */,
				3FF9F2F2211BD73200441BCB /* ViewController.h */,
				3FF9F2F3211BD73200441BCB /* ViewController.m */,
				3FF9F2F5211BD73200441BCB /* Main.storyboard */,
				3FF9F2FB211BD73400441BCB /* Assets.xcassets */,
				3FF9F2FD211BD73400441BCB /* LaunchScreen.storyboard */,
				3FF9F3F3211BD84400441BCB /* CAPSPageMenu.h */,
				3FF9F3F4211BD84400441BCB /* CAPSPageMenu.m */,
				3FF9F300211BD73400441BCB /* Info.plist */,
				3FF9F301211BD73400441BCB /* main.m */,
				3FF9F2F8211BD73200441BCB /* PageViewTestCode.xcdatamodeld */,
				3FF9F389211BD7FD00441BCB /* TestViewController.h */,
				3FF9F38A211BD7FD00441BCB /* TestViewController.m */,
				3FF9F38B211BD7FD00441BCB /* TestViewController.xib */,
			);
			path = PageViewTestCode;
			sourceTree = "<group>";
		};
		3FF9F30A211BD73400441BCB /* PageViewTestCodeTests */ = {
			isa = PBXGroup;
			children = (
				3FF9F30B211BD73400441BCB /* PageViewTestCodeTests.m */,
				3FF9F30D211BD73400441BCB /* Info.plist */,
			);
			path = PageViewTestCodeTests;
			sourceTree = "<group>";
		};
		3FF9F315211BD73400441BCB /* PageViewTestCodeUITests */ = {
			isa = PBXGroup;
			children = (
				3FF9F316211BD73400441BCB /* PageViewTestCodeUITests.m */,
				3FF9F318211BD73400441BCB /* Info.plist */,
			);
			path = PageViewTestCodeUITests;
			sourceTree = "<group>";
		};
/* End PBXGroup section */

/* Begin PBXNativeTarget section */
		3FF9F2EB211BD73200441BCB /* PageViewTestCode */ = {
			isa = PBXNativeTarget;
			buildConfigurationList = 3FF9F31B211BD73400441BCB /* Build configuration list for PBXNativeTarget "PageViewTestCode" */;
			buildPhases = (
				3FF9F2E8211BD73200441BCB /* Sources */,
				3FF9F2E9211BD73200441BCB /* Frameworks */,
				3FF9F2EA211BD73200441BCB /* Resources */,
			);
			buildRules = (
			);
			dependencies = (
			);
			name = PageViewTestCode;
			productName = PageViewTestCode;
			productReference = 3FF9F2EC211BD73200441BCB /* PageViewTestCode.app */;
			productType = "com.apple.product-type.application";
		};
		3FF9F306211BD73400441BCB /* PageViewTestCodeTests */ = {
			isa = PBXNativeTarget;
			buildConfigurationList = 3FF9F31E211BD73400441BCB /* Build configuration list for PBXNativeTarget "PageViewTestCodeTests" */;
			buildPhases = (
				3FF9F303211BD73400441BCB /* Sources */,
				3FF9F304211BD73400441BCB /* Frameworks */,
				3FF9F305211BD73400441BCB /* Resources */,
			);
			buildRules = (
			);
			dependencies = (
				3FF9F309211BD73400441BCB /* PBXTargetDependency */,
			);
			name = PageViewTestCodeTests;
			productName = PageViewTestCodeTests;
			productReference = 3FF9F307211BD73400441BCB /* PageViewTestCodeTests.xctest */;
			productType = "com.apple.product-type.bundle.unit-test";
		};
		3FF9F311211BD73400441BCB /* PageViewTestCodeUITests */ = {
			isa = PBXNativeTarget;
			buildConfigurationList = 3FF9F321211BD73400441BCB /* Build configuration list for PBXNativeTarget "PageViewTestCodeUITests" */;
			buildPhases = (
				3FF9F30E211BD73400441BCB /* Sources */,
				3FF9F30F211BD73400441BCB /* Frameworks */,
				3FF9F310211BD73400441BCB /* Resources */,
			);
			buildRules = (
			);
			dependencies = (
				3FF9F314211BD73400441BCB /* PBXTargetDependency */,
			);
			name = PageViewTestCodeUITests;
			productName = PageViewTestCodeUITests;
			productReference = 3FF9F312211BD73400441BCB /* PageViewTestCodeUITests.xctest */;
			productType = "com.apple.product-type.bundle.ui-testing";
		};
/* End PBXNativeTarget section */

/* Begin PBXProject section */
		3FF9F2E4211BD73200441BCB /* Project object */ = {
			isa = PBXProject;
			attributes = {
				LastUpgradeCheck = 0940;
				ORGANIZATIONNAME = JING;
				TargetAttributes = {
					3FF9F2EB211BD73200441BCB = {
						CreatedOnToolsVersion = 9.4.1;
					};
					3FF9F306211BD73400441BCB = {
						CreatedOnToolsVersion = 9.4.1;
						TestTargetID = 3FF9F2EB211BD73200441BCB;
					};
					3FF9F311211BD73400441BCB = {
						CreatedOnToolsVersion = 9.4.1;
						TestTargetID = 3FF9F2EB211BD73200441BCB;
					};
				};
			};
			buildConfigurationList = 3FF9F2E7211BD73200441BCB /* Build configuration list for PBXProject "PageViewTestCode" */;
			compatibilityVersion = "Xcode 9.3";
			developmentRegion = en;
			hasScannedForEncodings = 0;
			knownRegions = (
				en,
				Base,
			);
			mainGroup = 3FF9F2E3211BD73200441BCB;
			productRefGroup = 3FF9F2ED211BD73200441BCB /* Products */;
			projectDirPath = "";
			projectRoot = "";
			targets = (
				3FF9F2EB211BD73200441BCB /* PageViewTestCode */,
				3FF9F306211BD73400441BCB /* PageViewTestCodeTests */,
				3FF9F311211BD73400441BCB /* PageViewTestCodeUITests */,
			);
		};
/* End PBXProject section */

/* Begin PBXResourcesBuildPhase section */
		3FF9F2EA211BD73200441BCB /* Resources */ = {
			isa = PBXResourcesBuildPhase;
			buildActionMask = 2147483647;
			files = (
				3FF9F2FF211BD73400441BCB /* LaunchScreen.storyboard in Resources */,
				3FF9F2FC211BD73400441BCB /* Assets.xcassets in Resources */,
				3FF9F2F7211BD73200441BCB /* Main.storyboard in Resources */,
				3FF9F38D211BD7FD00441BCB /* TestViewController.xib in Resources */,
			);
			runOnlyForDeploymentPostprocessing = 0;
		};
		3FF9F305211BD73400441BCB /* Resources */ = {
			isa = PBXResourcesBuildPhase;
			buildActionMask = 2147483647;
			files = (
			);
			runOnlyForDeploymentPostprocessing = 0;
		};
		3FF9F310211BD73400441BCB /* Resources */ = {
			isa = PBXResourcesBuildPhase;
			buildActionMask = 2147483647;
			files = (
			);
			runOnlyForDeploymentPostprocessing = 0;
		};
/* End PBXResourcesBuildPhase section */

/* Begin PBXSourcesBuildPhase section */
		3FF9F2E8211BD73200441BCB /* Sources */ = {
			isa = PBXSourcesBuildPhase;
			buildActionMask = 2147483647;
			files = (
				3FF9F2FA211BD73200441BCB /* PageViewTestCode.xcdatamodeld in Sources */,
				3FF9F38C211BD7FD00441BCB /* TestViewController.m in Sources */,
				3FF9F3F5211BD84400441BCB /* CAPSPageMenu.m in Sources */,
				3FF9F2F4211BD73200441BCB /* ViewController.m in Sources */,
				3FF9F302211BD73400441BCB /* main.m in Sources */,
				3FF9F2F1211BD73200441BCB /* AppDelegate.m in Sources */,
			);
			runOnlyForDeploymentPostprocessing = 0;
		};
		3FF9F303211BD73400441BCB /* Sources */ = {
			isa = PBXSourcesBuildPhase;
			buildActionMask = 2147483647;
			files = (
				3FF9F30C211BD73400441BCB /* PageViewTestCodeTests.m in Sources */,
			);
			runOnlyForDeploymentPostprocessing = 0;
		};
		3FF9F30E211BD73400441BCB /* Sources */ = {
			isa = PBXSourcesBuildPhase;
			buildActionMask = 2147483647;
			files = (
				3FF9F317211BD73400441BCB /* PageViewTestCodeUITests.m in Sources */,
			);
			runOnlyForDeploymentPostprocessing = 0;
		};
/* End PBXSourcesBuildPhase section */

/* Begin PBXTargetDependency section */
		3FF9F309211BD73400441BCB /* PBXTargetDependency */ = {
			isa = PBXTargetDependency;
			target = 3FF9F2EB211BD73200441BCB /* PageViewTestCode */;
			targetProxy = 3FF9F308211BD73400441BCB /* PBXContainerItemProxy */;
		};
		3FF9F314211BD73400441BCB /* PBXTargetDependency */ = {
			isa = PBXTargetDependency;
			target = 3FF9F2EB211BD73200441BCB /* PageViewTestCode */;
			targetProxy = 3FF9F313211BD73400441BCB /* PBXContainerItemProxy */;
		};
/* End PBXTargetDependency section */

/* Begin PBXVariantGroup section */
		3FF9F2F5211BD73200441BCB /* Main.storyboard */ = {
			isa = PBXVariantGroup;
			children = (
				3FF9F2F6211BD73200441BCB /* Base */,
			);
			name = Main.storyboard;
			sourceTree = "<group>";
		};
		3FF9F2FD211BD73400441BCB /* LaunchScreen.storyboard */ = {
			isa = PBXVariantGroup;
			children = (
				3FF9F2FE211BD73400441BCB /* Base */,
			);
			name = LaunchScreen.storyboard;
			sourceTree = "<group>";
		};
/* End PBXVariantGroup section */

/* Begin XCBuildConfiguration section */
		3FF9F319211BD73400441BCB /* Debug */ = {
			isa = XCBuildConfiguration;
			buildSettings = {
				ALWAYS_SEARCH_USER_PATHS = NO;
				CLANG_ANALYZER_NONNULL = YES;
				CLANG_ANALYZER_NUMBER_OBJECT_CONVERSION = YES_AGGRESSIVE;
				CLANG_CXX_LANGUAGE_STANDARD = "gnu++14";
				CLANG_CXX_LIBRARY = "libc++";
				CLANG_ENABLE_MODULES = YES;
				CLANG_ENABLE_OBJC_ARC = YES;
				CLANG_ENABLE_OBJC_WEAK = YES;
				CLANG_WARN_BLOCK_CAPTURE_AUTORELEASING = YES;
				CLANG_WARN_BOOL_CONVERSION = YES;
				CLANG_WARN_COMMA = YES;
				CLANG_WARN_CONSTANT_CONVERSION = YES;
				CLANG_WARN_DEPRECATED_OBJC_IMPLEMENTATIONS = YES;
				CLANG_WARN_DIRECT_OBJC_ISA_USAGE = YES_ERROR;
				CLANG_WARN_DOCUMENTATION_COMMENTS = YES;
				CLANG_WARN_EMPTY_BODY = YES;
				CLANG_WARN_ENUM_CONVERSION = YES;
				CLANG_WARN_INFINITE_RECURSION = YES;
				CLANG_WARN_INT_CONVERSION = YES;
				CLANG_WARN_NON_LITERAL_NULL_CONVERSION = YES;
				CLANG_WARN_OBJC_IMPLICIT_RETAIN_SELF = YES;
				CLANG_WARN_OBJC_LITERAL_CONVERSION = YES;
				CLANG_WARN_OBJC_ROOT_CLASS = YES_ERROR;
				CLANG_WARN_RANGE_LOOP_ANALYSIS = YES;
				CLANG_WARN_STRICT_PROTOTYPES = YES;
				CLANG_WARN_SUSPICIOUS_MOVE = YES;
				CLANG_WARN_UNGUARDED_AVAILABILITY = YES_AGGRESSIVE;
				CLANG_WARN_UNREACHABLE_CODE = YES;
				CLANG_WARN__DUPLICATE_METHOD_MATCH = YES;
				CODE_SIGN_IDENTITY = "iPhone Developer";
				COPY_PHASE_STRIP = NO;
				DEBUG_INFORMATION_FORMAT = dwarf;
				ENABLE_STRICT_OBJC_MSGSEND = YES;
				ENABLE_TESTABILITY = YES;
				GCC_C_LANGUAGE_STANDARD = gnu11;
				GCC_DYNAMIC_NO_PIC = NO;
				GCC_NO_COMMON_BLOCKS = YES;
				GCC_OPTIMIZATION_LEVEL = 0;
				GCC_PREPROCESSOR_DEFINITIONS = (
					"DEBUG=1",
					"$(inherited)",
				);
				GCC_WARN_64_TO_32_BIT_CONVERSION = YES;
				GCC_WARN_ABOUT_RETURN_TYPE = YES_ERROR;
				GCC_WARN_UNDECLARED_SELECTOR = YES;
				GCC_WARN_UNINITIALIZED_AUTOS = YES_AGGRESSIVE;
				GCC_WARN_UNUSED_FUNCTION = YES;
				GCC_WARN_UNUSED_VARIABLE = YES;
				IPHONEOS_DEPLOYMENT_TARGET = 11.4;
				MTL_ENABLE_DEBUG_INFO = YES;
				ONLY_ACTIVE_ARCH = YES;
				SDKROOT = iphoneos;
			};
			name = Debug;
		};
		3FF9F31A211BD73400441BCB /* Release */ = {
			isa = XCBuildConfiguration;
			buildSettings = {
				ALWAYS_SEARCH_USER_PATHS = NO;
				CLANG_ANALYZER_NONNULL = YES;
				CLANG_ANALYZER_NUMBER_OBJECT_CONVERSION = YES_AGGRESSIVE;
				CLANG_CXX_LANGUAGE_STANDARD = "gnu++14";
				CLANG_CXX_LIBRARY = "libc++";
				CLANG_ENABLE_MODULES = YES;
				CLANG_ENABLE_OBJC_ARC = YES;
				CLANG_ENABLE_OBJC_WEAK = YES;
				CLANG_WARN_BLOCK_CAPTURE_AUTORELEASING = YES;
				CLANG_WARN_BOOL_CONVERSION = YES;
				CLANG_WARN_COMMA = YES;
				CLANG_WARN_CONSTANT_CONVERSION = YES;
				CLANG_WARN_DEPRECATED_OBJC_IMPLEMENTATIONS = YES;
				CLANG_WARN_DIRECT_OBJC_ISA_USAGE = YES_ERROR;
				CLANG_WARN_DOCUMENTATION_COMMENTS = YES;
				CLANG_WARN_EMPTY_BODY = YES;
				CLANG_WARN_ENUM_CONVERSION = YES;
				CLANG_WARN_INFINITE_RECURSION = YES;
				CLANG_WARN_INT_CONVERSION = YES;
				CLANG_WARN_NON_LITERAL_NULL_CONVERSION = YES;
				CLANG_WARN_OBJC_IMPLICIT_RETAIN_SELF = YES;
				CLANG_WARN_OBJC_LITERAL_CONVERSION = YES;
				CLANG_WARN_OBJC_ROOT_CLASS = YES_ERROR;
				CLANG_WARN_RANGE_LOOP_ANALYSIS = YES;
				CLANG_WARN_STRICT_PROTOTYPES = YES;
				CLANG_WARN_SUSPICIOUS_MOVE = YES;
				CLANG_WARN_UNGUARDED_AVAILABILITY = YES_AGGRESSIVE;
				CLANG_WARN_UNREACHABLE_CODE = YES;
				CLANG_WARN__DUPLICATE_METHOD_MATCH = YES;
				CODE_SIGN_IDENTITY = "iPhone Developer";
				COPY_PHASE_STRIP = NO;
				DEBUG_INFORMATION_FORMAT = "dwarf-with-dsym";
				ENABLE_NS_ASSERTIONS = NO;
				ENABLE_STRICT_OBJC_MSGSEND = YES;
				GCC_C_LANGUAGE_STANDARD = gnu11;
				GCC_NO_COMMON_BLOCKS = YES;
				GCC_WARN_64_TO_32_BIT_CONVERSION = YES;
				GCC_WARN_ABOUT_RETURN_TYPE = YES_ERROR;
				GCC_WARN_UNDECLARED_SELECTOR = YES;
				GCC_WARN_UNINITIALIZED_AUTOS = YES_AGGRESSIVE;
				GCC_WARN_UNUSED_FUNCTION = YES;
				GCC_WARN_UNUSED_VARIABLE = YES;
				IPHONEOS_DEPLOYMENT_TARGET = 11.4;
				MTL_ENABLE_DEBUG_INFO = NO;
				SDKROOT = iphoneos;
				VALIDATE_PRODUCT = YES;
			};
			name = Release;
		};
		3FF9F31C211BD73400441BCB /* Debug */ = {
			isa = XCBuildConfiguration;
			buildSettings = {
				ASSETCATALOG_COMPILER_APPICON_NAME = AppIcon;
				CODE_SIGN_STYLE = Automatic;
				DEVELOPMENT_TEAM = 28Q4D37JZZ;
				INFOPLIST_FILE = PageViewTestCode/Info.plist;
				LD_RUNPATH_SEARCH_PATHS = (
					"$(inherited)",
					"@executable_path/Frameworks",
				);
				PRODUCT_BUNDLE_IDENTIFIER = "-.PageViewTestCode";
				PRODUCT_NAME = "$(TARGET_NAME)";
				TARGETED_DEVICE_FAMILY = "1,2";
			};
			name = Debug;
		};
		3FF9F31D211BD73400441BCB /* Release */ = {
			isa = XCBuildConfiguration;
			buildSettings = {
				ASSETCATALOG_COMPILER_APPICON_NAME = AppIcon;
				CODE_SIGN_STYLE = Automatic;
				DEVELOPMENT_TEAM = 28Q4D37JZZ;
				INFOPLIST_FILE = PageViewTestCode/Info.plist;
				LD_RUNPATH_SEARCH_PATHS = (
					"$(inherited)",
					"@executable_path/Frameworks",
				);
				PRODUCT_BUNDLE_IDENTIFIER = "-.PageViewTestCode";
				PRODUCT_NAME = "$(TARGET_NAME)";
				TARGETED_DEVICE_FAMILY = "1,2";
			};
			name = Release;
		};
		3FF9F31F211BD73400441BCB /* Debug */ = {
			isa = XCBuildConfiguration;
			buildSettings = {
				BUNDLE_LOADER = "$(TEST_HOST)";
				CODE_SIGN_STYLE = Automatic;
				DEVELOPMENT_TEAM = 28Q4D37JZZ;
				INFOPLIST_FILE = PageViewTestCodeTests/Info.plist;
				LD_RUNPATH_SEARCH_PATHS = (
					"$(inherited)",
					"@executable_path/Frameworks",
					"@loader_path/Frameworks",
				);
				PRODUCT_BUNDLE_IDENTIFIER = "-.PageViewTestCodeTests";
				PRODUCT_NAME = "$(TARGET_NAME)";
				TARGETED_DEVICE_FAMILY = "1,2";
				TEST_HOST = "$(BUILT_PRODUCTS_DIR)/PageViewTestCode.app/PageViewTestCode";
			};
			name = Debug;
		};
		3FF9F320211BD73400441BCB /* Release */ = {
			isa = XCBuildConfiguration;
			buildSettings = {
				BUNDLE_LOADER = "$(TEST_HOST)";
				CODE_SIGN_STYLE = Automatic;
				DEVELOPMENT_TEAM = 28Q4D37JZZ;
				INFOPLIST_FILE = PageViewTestCodeTests/Info.plist;
				LD_RUNPATH_SEARCH_PATHS = (
					"$(inherited)",
					"@executable_path/Frameworks",
					"@loader_path/Frameworks",
				);
				PRODUCT_BUNDLE_IDENTIFIER = "-.PageViewTestCodeTests";
				PRODUCT_NAME = "$(TARGET_NAME)";
				TARGETED_DEVICE_FAMILY = "1,2";
				TEST_HOST = "$(BUILT_PRODUCTS_DIR)/PageViewTestCode.app/PageViewTestCode";
			};
			name = Release;
		};
		3FF9F322211BD73400441BCB /* Debug */ = {
			isa = XCBuildConfiguration;
			buildSettings = {
				CODE_SIGN_STYLE = Automatic;
				DEVELOPMENT_TEAM = 28Q4D37JZZ;
				INFOPLIST_FILE = PageViewTestCodeUITests/Info.plist;
				LD_RUNPATH_SEARCH_PATHS = (
					"$(inherited)",
					"@executable_path/Frameworks",
					"@loader_path/Frameworks",
				);
				PRODUCT_BUNDLE_IDENTIFIER = "-.PageViewTestCodeUITests";
				PRODUCT_NAME = "$(TARGET_NAME)";
				TARGETED_DEVICE_FAMILY = "1,2";
				TEST_TARGET_NAME = PageViewTestCode;
			};
			name = Debug;
		};
		3FF9F323211BD73400441BCB /* Release */ = {
			isa = XCBuildConfiguration;
			buildSettings = {
				CODE_SIGN_STYLE = Automatic;
				DEVELOPMENT_TEAM = 28Q4D37JZZ;
				INFOPLIST_FILE = PageViewTestCodeUITests/Info.plist;
				LD_RUNPATH_SEARCH_PATHS = (
					"$(inherited)",
					"@executable_path/Frameworks",
					"@loader_path/Frameworks",
				);
				PRODUCT_BUNDLE_IDENTIFIER = "-.PageViewTestCodeUITests";
				PRODUCT_NAME = "$(TARGET_NAME)";
				TARGETED_DEVICE_FAMILY = "1,2";
				TEST_TARGET_NAME = PageViewTestCode;
			};
			name = Release;
		};
/* End XCBuildConfiguration section */

/* Begin XCConfigurationList section */
		3FF9F2E7211BD73200441BCB /* Build configuration list for PBXProject "PageViewTestCode" */ = {
			isa = XCConfigurationList;
			buildConfigurations = (
				3FF9F319211BD73400441BCB /* Debug */,
				3FF9F31A211BD73400441BCB /* Release */,
			);
			defaultConfigurationIsVisible = 0;
			defaultConfigurationName = Release;
		};
		3FF9F31B211BD73400441BCB /* Build configuration list for PBXNativeTarget "PageViewTestCode" */ = {
			isa = XCConfigurationList;
			buildConfigurations = (
				3FF9F31C211BD73400441BCB /* Debug */,
				3FF9F31D211BD73400441BCB /* Release */,
			);
			defaultConfigurationIsVisible = 0;
			defaultConfigurationName = Release;
		};
		3FF9F31E211BD73400441BCB /* Build configuration list for PBXNativeTarget "PageViewTestCodeTests" */ = {
			isa = XCConfigurationList;
			buildConfigurations = (
				3FF9F31F211BD73400441BCB /* Debug */,
				3FF9F320211BD73400441BCB /* Release */,
			);
			defaultConfigurationIsVisible = 0;
			defaultConfigurationName = Release;
		};
		3FF9F321211BD73400441BCB /* Build configuration list for PBXNativeTarget "PageViewTestCodeUITests" */ = {
			isa = XCConfigurationList;
			buildConfigurations = (
				3FF9F322211BD73400441BCB /* Debug */,
				3FF9F323211BD73400441BCB /* Release */,
			);
			defaultConfigurationIsVisible = 0;
			defaultConfigurationName = Release;
		};
/* End XCConfigurationList section */

/* Begin XCVersionGroup section */
		3FF9F2F8211BD73200441BCB /* PageViewTestCode.xcdatamodeld */ = {
			isa = XCVersionGroup;
			children = (
				3FF9F2F9211BD73200441BCB /* PageViewTestCode.xcdatamodel */,
			);
			currentVersion = 3FF9F2F9211BD73200441BCB /* PageViewTestCode.xcdatamodel */;
			path = PageViewTestCode.xcdatamodeld;
			sourceTree = "<group>";
			versionGroupType = wrapper.xcdatamodel;
		};
/* End XCVersionGroup section */
	};
	rootObject = 3FF9F2E4211BD73200441BCB /* Project object */;
}
